
Microsoft Visual Studio Solution File, Format Version 12.00
# Visual Studio 15
VisualStudioVersion = 15.0.27428.2015
MinimumVisualStudioVersion = 10.0.40219.1
Project("{2150E333-8FDC-42A3-9474-1A3956D46DE8}") = "src", "src", "{BA829E52-D95F-4EF3-AEA0-81A8F30217E7}"
EndProject
Project("{9A19103F-16F7-4668-BE54-9A1E7A4F7556}") = "CSG", "src\CSG.csproj", "{220444F8-81D7-42B6-AB99-5FB2E916A669}"
EndProject
Project("{2150E333-8FDC-42A3-9474-1A3956D46DE8}") = "test", "test", "{9BE1E439-BB77-4A80-9803-C65291639E24}"
EndProject
Project("{9A19103F-16F7-4668-BE54-9A1E7A4F7556}") = "CSG.Test", "test\CSG.Test.csproj", "{543B445F-A1D8-485A-A7B1-D88FC5503015}"
EndProject
Project("{2150E333-8FDC-42A3-9474-1A3956D46DE8}") = "samples", "samples", "{5ECF365A-E98F-49B8-9E6D-40E6A579282E}"
EndProject
Project("{9A19103F-16F7-4668-BE54-9A1E7A4F7556}") = "Veldrid", "samples\dep\veldrid\src\Veldrid\Veldrid.csproj", "{D85CD4B9-9DBF-49B4-A9A0-EB6C88AB0EC1}"
EndProject
Project("{2150E333-8FDC-42A3-9474-1A3956D46DE8}") = "dep", "dep", "{B1127CFE-F2B3-41F3-9BB4-C1CEC94FE580}"
EndProject
Project("{9A19103F-16F7-4668-BE54-9A1E7A4F7556}") = "Veldrid.StartupUtilities", "samples\dep\veldrid\src\Veldrid.StartupUtilities\Veldrid.StartupUtilities.csproj", "{365D5D1C-2B8C-4C1E-9D8D-86365F2EECE6}"
EndProject
Project("{9A19103F-16F7-4668-BE54-9A1E7A4F7556}") = "Veldrid.Utilities", "samples\dep\veldrid\src\Veldrid.Utilities\Veldrid.Utilities.csproj", "{FAE49F31-4781-48CA-91AD-9D157FD18877}"
EndProject
Project("{FAE04EC0-301F-11D3-BF4B-00C04F79EFBC}") = "CSG.Viewer", "samples\CSG.Viewer\CSG.Viewer.csproj", "{48C45DAF-446D-4DA6-9B4B-E88E97339C1C}"
EndProject
Project("{9A19103F-16F7-4668-BE54-9A1E7A4F7556}") = "Veldrid.SDL2", "samples\dep\veldrid\src\Veldrid.SDL2\Veldrid.SDL2.csproj", "{11518738-366B-40C1-AB02-00E18E33DA93}"
EndProject
Project("{9A19103F-16F7-4668-BE54-9A1E7A4F7556}") = "Veldrid.ImGui", "samples\dep\veldrid\src\Veldrid.ImGui\Veldrid.ImGui.csproj", "{180D7791-75D4-45DB-B379-7835C90512BD}"
EndProject
Project("{9A19103F-16F7-4668-BE54-9A1E7A4F7556}") = "Veldrid.ImageSharp", "samples\dep\veldrid\src\Veldrid.ImageSharp\Veldrid.ImageSharp.csproj", "{A555916E-1365-498A-91B2-44D379784C0A}"
EndProject
Project("{9A19103F-16F7-4668-BE54-9A1E7A4F7556}") = "Veldrid.OpenGLBindings", "samples\dep\veldrid\src\Veldrid.OpenGLBindings\Veldrid.OpenGLBindings.csproj", "{9A00CC8D-480A-4BAE-8CCD-AEDAC8BDEDB1}"
EndProject
Project("{9A19103F-16F7-4668-BE54-9A1E7A4F7556}") = "Veldrid.MetalBindings", "samples\dep\veldrid\src\Veldrid.MetalBindings\Veldrid.MetalBindings.csproj", "{CC8FA5E5-C8DB-48C6-B47A-02BF7C212DFC}"
EndProject
Global
	GlobalSection(SolutionConfigurationPlatforms) = preSolution
		Debug|Any CPU = Debug|Any CPU
		Release|Any CPU = Release|Any CPU
	EndGlobalSection
	GlobalSection(ProjectConfigurationPlatforms) = postSolution
		{220444F8-81D7-42B6-AB99-5FB2E916A669}.Debug|Any CPU.ActiveCfg = Debug|Any CPU
		{220444F8-81D7-42B6-AB99-5FB2E916A669}.Debug|Any CPU.Build.0 = Debug|Any CPU
		{220444F8-81D7-42B6-AB99-5FB2E916A669}.Release|Any CPU.ActiveCfg = Release|Any CPU
		{220444F8-81D7-42B6-AB99-5FB2E916A669}.Release|Any CPU.Build.0 = Release|Any CPU
		{543B445F-A1D8-485A-A7B1-D88FC5503015}.Debug|Any CPU.ActiveCfg = Debug|Any CPU
		{543B445F-A1D8-485A-A7B1-D88FC5503015}.Debug|Any CPU.Build.0 = Debug|Any CPU
		{543B445F-A1D8-485A-A7B1-D88FC5503015}.Release|Any CPU.ActiveCfg = Release|Any CPU
		{543B445F-A1D8-485A-A7B1-D88FC5503015}.Release|Any CPU.Build.0 = Release|Any CPU
		{D85CD4B9-9DBF-49B4-A9A0-EB6C88AB0EC1}.Debug|Any CPU.ActiveCfg = Debug|Any CPU
		{D85CD4B9-9DBF-49B4-A9A0-EB6C88AB0EC1}.Debug|Any CPU.Build.0 = Debug|Any CPU
		{D85CD4B9-9DBF-49B4-A9A0-EB6C88AB0EC1}.Release|Any CPU.ActiveCfg = Release|Any CPU
		{D85CD4B9-9DBF-49B4-A9A0-EB6C88AB0EC1}.Release|Any CPU.Build.0 = Release|Any CPU
		{365D5D1C-2B8C-4C1E-9D8D-86365F2EECE6}.Debug|Any CPU.ActiveCfg = Debug|Any CPU
		{365D5D1C-2B8C-4C1E-9D8D-86365F2EECE6}.Debug|Any CPU.Build.0 = Debug|Any CPU
		{365D5D1C-2B8C-4C1E-9D8D-86365F2EECE6}.Release|Any CPU.ActiveCfg = Release|Any CPU
		{365D5D1C-2B8C-4C1E-9D8D-86365F2EECE6}.Release|Any CPU.Build.0 = Release|Any CPU
		{FAE49F31-4781-48CA-91AD-9D157FD18877}.Debug|Any CPU.ActiveCfg = Debug|Any CPU
		{FAE49F31-4781-48CA-91AD-9D157FD18877}.Debug|Any CPU.Build.0 = Debug|Any CPU
		{FAE49F31-4781-48CA-91AD-9D157FD18877}.Release|Any CPU.ActiveCfg = Release|Any CPU
		{FAE49F31-4781-48CA-91AD-9D157FD18877}.Release|Any CPU.Build.0 = Release|Any CPU
		{48C45DAF-446D-4DA6-9B4B-E88E97339C1C}.Debug|Any CPU.ActiveCfg = Debug|Any CPU
		{48C45DAF-446D-4DA6-9B4B-E88E97339C1C}.Debug|Any CPU.Build.0 = Debug|Any CPU
		{48C45DAF-446D-4DA6-9B4B-E88E97339C1C}.Release|Any CPU.ActiveCfg = Release|Any CPU
		{48C45DAF-446D-4DA6-9B4B-E88E97339C1C}.Release|Any CPU.Build.0 = Release|Any CPU
		{11518738-366B-40C1-AB02-00E18E33DA93}.Debug|Any CPU.ActiveCfg = Debug|Any CPU
		{11518738-366B-40C1-AB02-00E18E33DA93}.Debug|Any CPU.Build.0 = Debug|Any CPU
		{11518738-366B-40C1-AB02-00E18E33DA93}.Release|Any CPU.ActiveCfg = Release|Any CPU
		{11518738-366B-40C1-AB02-00E18E33DA93}.Release|Any CPU.Build.0 = Release|Any CPU
		{180D7791-75D4-45DB-B379-7835C90512BD}.Debug|Any CPU.ActiveCfg = Debug|Any CPU
		{180D7791-75D4-45DB-B379-7835C90512BD}.Debug|Any CPU.Build.0 = Debug|Any CPU
		{180D7791-75D4-45DB-B379-7835C90512BD}.Release|Any CPU.ActiveCfg = Release|Any CPU
		{180D7791-75D4-45DB-B379-7835C90512BD}.Release|Any CPU.Build.0 = Release|Any CPU
		{A555916E-1365-498A-91B2-44D379784C0A}.Debug|Any CPU.ActiveCfg = Debug|Any CPU
		{A555916E-1365-498A-91B2-44D379784C0A}.Debug|Any CPU.Build.0 = Debug|Any CPU
		{A555916E-1365-498A-91B2-44D379784C0A}.Release|Any CPU.ActiveCfg = Release|Any CPU
		{A555916E-1365-498A-91B2-44D379784C0A}.Release|Any CPU.Build.0 = Release|Any CPU
		{9A00CC8D-480A-4BAE-8CCD-AEDAC8BDEDB1}.Debug|Any CPU.ActiveCfg = Debug|Any CPU
		{9A00CC8D-480A-4BAE-8CCD-AEDAC8BDEDB1}.Debug|Any CPU.Build.0 = Debug|Any CPU
		{9A00CC8D-480A-4BAE-8CCD-AEDAC8BDEDB1}.Release|Any CPU.ActiveCfg = Release|Any CPU
		{9A00CC8D-480A-4BAE-8CCD-AEDAC8BDEDB1}.Release|Any CPU.Build.0 = Release|Any CPU
		{CC8FA5E5-C8DB-48C6-B47A-02BF7C212DFC}.Debug|Any CPU.ActiveCfg = Debug|Any CPU
		{CC8FA5E5-C8DB-48C6-B47A-02BF7C212DFC}.Debug|Any CPU.Build.0 = Debug|Any CPU
		{CC8FA5E5-C8DB-48C6-B47A-02BF7C212DFC}.Release|Any CPU.ActiveCfg = Release|Any CPU
		{CC8FA5E5-C8DB-48C6-B47A-02BF7C212DFC}.Release|Any CPU.Build.0 = Release|Any CPU
	EndGlobalSection
	GlobalSection(SolutionProperties) = preSolution
		HideSolutionNode = FALSE
	EndGlobalSection
	GlobalSection(NestedProjects) = preSolution
		{220444F8-81D7-42B6-AB99-5FB2E916A669} = {BA829E52-D95F-4EF3-AEA0-81A8F30217E7}
		{543B445F-A1D8-485A-A7B1-D88FC5503015} = {9BE1E439-BB77-4A80-9803-C65291639E24}
		{D85CD4B9-9DBF-49B4-A9A0-EB6C88AB0EC1} = {B1127CFE-F2B3-41F3-9BB4-C1CEC94FE580}
		{B1127CFE-F2B3-41F3-9BB4-C1CEC94FE580} = {5ECF365A-E98F-49B8-9E6D-40E6A579282E}
		{365D5D1C-2B8C-4C1E-9D8D-86365F2EECE6} = {B1127CFE-F2B3-41F3-9BB4-C1CEC94FE580}
		{FAE49F31-4781-48CA-91AD-9D157FD18877} = {B1127CFE-F2B3-41F3-9BB4-C1CEC94FE580}
		{48C45DAF-446D-4DA6-9B4B-E88E97339C1C} = {5ECF365A-E98F-49B8-9E6D-40E6A579282E}
		{11518738-366B-40C1-AB02-00E18E33DA93} = {B1127CFE-F2B3-41F3-9BB4-C1CEC94FE580}
		{180D7791-75D4-45DB-B379-7835C90512BD} = {B1127CFE-F2B3-41F3-9BB4-C1CEC94FE580}
		{A555916E-1365-498A-91B2-44D379784C0A} = {B1127CFE-F2B3-41F3-9BB4-C1CEC94FE580}
		{9A00CC8D-480A-4BAE-8CCD-AEDAC8BDEDB1} = {B1127CFE-F2B3-41F3-9BB4-C1CEC94FE580}
		{CC8FA5E5-C8DB-48C6-B47A-02BF7C212DFC} = {B1127CFE-F2B3-41F3-9BB4-C1CEC94FE580}
	EndGlobalSection
	GlobalSection(ExtensibilityGlobals) = postSolution
		SolutionGuid = {8F1EC6F1-BA01-4D71-A90A-B541DC2CB434}
	EndGlobalSection
EndGlobal
