
Microsoft Visual Studio Solution File, Format Version 12.00
# Visual Studio 15
VisualStudioVersion = 15.0.27428.2015
MinimumVisualStudioVersion = 10.0.40219.1
Project("{2150E333-8FDC-42A3-9474-1A3956D46DE8}") = "src", "src", "{BA829E52-D95F-4EF3-AEA0-81A8F30217E7}"
EndProject
Project("{9A19103F-16F7-4668-BE54-9A1E7A4F7556}") = "CSG", "src\CSG.csproj", "{220444F8-81D7-42B6-AB99-5FB2E916A669}"
EndProject
Project("{2150E333-8FDC-42A3-9474-1A3956D46DE8}") = "test", "test", "{9BE1E439-BB77-4A80-9803-C65291639E24}"
EndProject
Project("{9A19103F-16F7-4668-BE54-9A1E7A4F7556}") = "CSG.Test", "test\CSG.Test.csproj", "{543B445F-A1D8-485A-A7B1-D88FC5503015}"
EndProject
Global
	GlobalSection(SolutionConfigurationPlatforms) = preSolution
		Debug|Any CPU = Debug|Any CPU
		Release|Any CPU = Release|Any CPU
	EndGlobalSection
	GlobalSection(ProjectConfigurationPlatforms) = postSolution
		{220444F8-81D7-42B6-AB99-5FB2E916A669}.Debug|Any CPU.ActiveCfg = Debug|Any CPU
		{220444F8-81D7-42B6-AB99-5FB2E916A669}.Debug|Any CPU.Build.0 = Debug|Any CPU
		{220444F8-81D7-42B6-AB99-5FB2E916A669}.Release|Any CPU.ActiveCfg = Release|Any CPU
		{220444F8-81D7-42B6-AB99-5FB2E916A669}.Release|Any CPU.Build.0 = Release|Any CPU
		{543B445F-A1D8-485A-A7B1-D88FC5503015}.Debug|Any CPU.ActiveCfg = Debug|Any CPU
		{543B445F-A1D8-485A-A7B1-D88FC5503015}.Debug|Any CPU.Build.0 = Debug|Any CPU
		{543B445F-A1D8-485A-A7B1-D88FC5503015}.Release|Any CPU.ActiveCfg = Release|Any CPU
		{543B445F-A1D8-485A-A7B1-D88FC5503015}.Release|Any CPU.Build.0 = Release|Any CPU
	EndGlobalSection
	GlobalSection(SolutionProperties) = preSolution
		HideSolutionNode = FALSE
	EndGlobalSection
	GlobalSection(NestedProjects) = preSolution
		{220444F8-81D7-42B6-AB99-5FB2E916A669} = {BA829E52-D95F-4EF3-AEA0-81A8F30217E7}
		{543B445F-A1D8-485A-A7B1-D88FC5503015} = {9BE1E439-BB77-4A80-9803-C65291639E24}
	EndGlobalSection
	GlobalSection(ExtensibilityGlobals) = postSolution
		SolutionGuid = {8F1EC6F1-BA01-4D71-A90A-B541DC2CB434}
	EndGlobalSection
EndGlobal
